
Microsoft Visual Studio Solution File, Format Version 12.00
# Visual Studio Version 17
VisualStudioVersion = 17.6.33723.286
MinimumVisualStudioVersion = 10.0.40219.1
Project("{FAE04EC0-301F-11D3-BF4B-00C04F79EFBC}") = "Daniel.AulaEnsino.Core.WebApi", "Daniel.AulaEnsino.Core.WebApi\Daniel.AulaEnsino.Core.WebApi.csproj", "{3332C8EC-A368-407C-B706-FF5689A4B75F}"
EndProject
Project("{2150E333-8FDC-42A3-9474-1A3956D46DE8}") = "0 - Presentation", "0 - Presentation", "{B613680D-E0F3-49C6-984E-AA72A741A87B}"
EndProject
Project("{2150E333-8FDC-42A3-9474-1A3956D46DE8}") = "1 - Service", "1 - Service", "{269F1D1C-B20C-4920-A06D-33CF2F52B599}"
EndProject
Project("{2150E333-8FDC-42A3-9474-1A3956D46DE8}") = "1.1 - Common", "1.1 - Common", "{AC5E5B40-3A40-476D-B327-4C0CDE20EA0D}"
EndProject
Project("{2150E333-8FDC-42A3-9474-1A3956D46DE8}") = "2 - Domain", "2 - Domain", "{C70646AA-BD82-4643-A4F6-CA11CD642F56}"
EndProject
Project("{2150E333-8FDC-42A3-9474-1A3956D46DE8}") = "3 - Infrastructure", "3 - Infrastructure", "{AB4C2A40-665C-4EF8-888E-A1D62F34E1F5}"
EndProject
Project("{2150E333-8FDC-42A3-9474-1A3956D46DE8}") = "3.1 - Data", "3.1 - Data", "{CD2E694C-2959-4C2F-8457-B67132451640}"
EndProject
Project("{2150E333-8FDC-42A3-9474-1A3956D46DE8}") = "3.2 - CrossCutting", "3.2 - CrossCutting", "{503E868E-DB08-44C4-9E5B-65FA354B5C06}"
EndProject
Project("{FAE04EC0-301F-11D3-BF4B-00C04F79EFBC}") = "Daniel.AulaEnsino.Core.IoC", "Daniel.AulaEnsino.Core.IoC\Daniel.AulaEnsino.Core.IoC.csproj", "{77579BAA-4C9C-4E38-AF26-F0B754708BB9}"
EndProject
Project("{FAE04EC0-301F-11D3-BF4B-00C04F79EFBC}") = "Daniel.AulaEnsino.Core.Domain", "Daniel.AulaEnsino.Core.Domain\Daniel.AulaEnsino.Core.Domain.csproj", "{F292F6C9-E5B0-4FC8-818E-06147B23738E}"
EndProject
Project("{FAE04EC0-301F-11D3-BF4B-00C04F79EFBC}") = "Daniel.AulaEnsino.Core.Service", "Daniel.AulaEnsino.Core.Service\Daniel.AulaEnsino.Core.Service.csproj", "{7E45D0E5-ADCC-4881-9140-D3430FCBE86F}"
EndProject
Project("{FAE04EC0-301F-11D3-BF4B-00C04F79EFBC}") = "Daniel.AulaEnsino.Common.Utilities", "Daniel.AulaEnsino.Common.Utilities\Daniel.AulaEnsino.Common.Utilities.csproj", "{D7EC1CBC-34F2-406D-B6B7-17CE684FA0C0}"
EndProject
Project("{FAE04EC0-301F-11D3-BF4B-00C04F79EFBC}") = "Daniel.AulaEnsino.Core.Data", "Daniel.AulaEnsino.Core.Data\Daniel.AulaEnsino.Core.Data.csproj", "{CB24E5F5-A5DA-42E4-9488-91CF371857AD}"
EndProject
Global
	GlobalSection(SolutionConfigurationPlatforms) = preSolution
		Debug|Any CPU = Debug|Any CPU
		Release|Any CPU = Release|Any CPU
	EndGlobalSection
	GlobalSection(ProjectConfigurationPlatforms) = postSolution
		{3332C8EC-A368-407C-B706-FF5689A4B75F}.Debug|Any CPU.ActiveCfg = Debug|Any CPU
		{3332C8EC-A368-407C-B706-FF5689A4B75F}.Debug|Any CPU.Build.0 = Debug|Any CPU
		{3332C8EC-A368-407C-B706-FF5689A4B75F}.Release|Any CPU.ActiveCfg = Release|Any CPU
		{3332C8EC-A368-407C-B706-FF5689A4B75F}.Release|Any CPU.Build.0 = Release|Any CPU
		{77579BAA-4C9C-4E38-AF26-F0B754708BB9}.Debug|Any CPU.ActiveCfg = Debug|Any CPU
		{77579BAA-4C9C-4E38-AF26-F0B754708BB9}.Debug|Any CPU.Build.0 = Debug|Any CPU
		{77579BAA-4C9C-4E38-AF26-F0B754708BB9}.Release|Any CPU.ActiveCfg = Release|Any CPU
		{77579BAA-4C9C-4E38-AF26-F0B754708BB9}.Release|Any CPU.Build.0 = Release|Any CPU
		{F292F6C9-E5B0-4FC8-818E-06147B23738E}.Debug|Any CPU.ActiveCfg = Debug|Any CPU
		{F292F6C9-E5B0-4FC8-818E-06147B23738E}.Debug|Any CPU.Build.0 = Debug|Any CPU
		{F292F6C9-E5B0-4FC8-818E-06147B23738E}.Release|Any CPU.ActiveCfg = Release|Any CPU
		{F292F6C9-E5B0-4FC8-818E-06147B23738E}.Release|Any CPU.Build.0 = Release|Any CPU
		{7E45D0E5-ADCC-4881-9140-D3430FCBE86F}.Debug|Any CPU.ActiveCfg = Debug|Any CPU
		{7E45D0E5-ADCC-4881-9140-D3430FCBE86F}.Debug|Any CPU.Build.0 = Debug|Any CPU
		{7E45D0E5-ADCC-4881-9140-D3430FCBE86F}.Release|Any CPU.ActiveCfg = Release|Any CPU
		{7E45D0E5-ADCC-4881-9140-D3430FCBE86F}.Release|Any CPU.Build.0 = Release|Any CPU
		{D7EC1CBC-34F2-406D-B6B7-17CE684FA0C0}.Debug|Any CPU.ActiveCfg = Debug|Any CPU
		{D7EC1CBC-34F2-406D-B6B7-17CE684FA0C0}.Debug|Any CPU.Build.0 = Debug|Any CPU
		{D7EC1CBC-34F2-406D-B6B7-17CE684FA0C0}.Release|Any CPU.ActiveCfg = Release|Any CPU
		{D7EC1CBC-34F2-406D-B6B7-17CE684FA0C0}.Release|Any CPU.Build.0 = Release|Any CPU
		{CB24E5F5-A5DA-42E4-9488-91CF371857AD}.Debug|Any CPU.ActiveCfg = Debug|Any CPU
		{CB24E5F5-A5DA-42E4-9488-91CF371857AD}.Debug|Any CPU.Build.0 = Debug|Any CPU
		{CB24E5F5-A5DA-42E4-9488-91CF371857AD}.Release|Any CPU.ActiveCfg = Release|Any CPU
		{CB24E5F5-A5DA-42E4-9488-91CF371857AD}.Release|Any CPU.Build.0 = Release|Any CPU
	EndGlobalSection
	GlobalSection(SolutionProperties) = preSolution
		HideSolutionNode = FALSE
	EndGlobalSection
	GlobalSection(NestedProjects) = preSolution
		{3332C8EC-A368-407C-B706-FF5689A4B75F} = {B613680D-E0F3-49C6-984E-AA72A741A87B}
		{AC5E5B40-3A40-476D-B327-4C0CDE20EA0D} = {269F1D1C-B20C-4920-A06D-33CF2F52B599}
		{CD2E694C-2959-4C2F-8457-B67132451640} = {AB4C2A40-665C-4EF8-888E-A1D62F34E1F5}
		{503E868E-DB08-44C4-9E5B-65FA354B5C06} = {AB4C2A40-665C-4EF8-888E-A1D62F34E1F5}
		{77579BAA-4C9C-4E38-AF26-F0B754708BB9} = {503E868E-DB08-44C4-9E5B-65FA354B5C06}
		{F292F6C9-E5B0-4FC8-818E-06147B23738E} = {C70646AA-BD82-4643-A4F6-CA11CD642F56}
		{7E45D0E5-ADCC-4881-9140-D3430FCBE86F} = {269F1D1C-B20C-4920-A06D-33CF2F52B599}
		{D7EC1CBC-34F2-406D-B6B7-17CE684FA0C0} = {AC5E5B40-3A40-476D-B327-4C0CDE20EA0D}
		{CB24E5F5-A5DA-42E4-9488-91CF371857AD} = {CD2E694C-2959-4C2F-8457-B67132451640}
	EndGlobalSection
	GlobalSection(ExtensibilityGlobals) = postSolution
		SolutionGuid = {23903F05-665D-4B92-9379-7FCD4FF99A0B}
	EndGlobalSection
EndGlobal
